// !$*UTF8*$!
{
	archiveVersion = 1;
	classes = {
	};
	objectVersion = 46;
	objects = {
/* Begin PBXBuildFile section */
		0207DA581B56EA530066E2B4 /* Images.xcassets in Resources */ = {isa = PBXBuildFile; fileRef = 0207DA571B56EA530066E2B4 /* Images.xcassets */; };
		1D3623260D0F684500981E51 /* AppDelegate.m in Sources */ = {isa = PBXBuildFile; fileRef = 1D3623250D0F684500981E51 /* AppDelegate.m */; };
		1D60589B0D05DD56006BFB54 /* main.m in Sources */ = {isa = PBXBuildFile; fileRef = 29B97316FDCFA39411CA2CEA /* main.m */; };
		301BF552109A68D80062928A /* libCordova.a in Frameworks */ = {isa = PBXBuildFile; fileRef = 301BF535109A57CC0062928A /* libCordova.a */; };
		302D95F114D2391D003F00A1 /* MainViewController.m in Sources */ = {isa = PBXBuildFile; fileRef = 302D95EF14D2391D003F00A1 /* MainViewController.m */; };
		302D95F214D2391D003F00A1 /* MainViewController.xib in Resources */ = {isa = PBXBuildFile; fileRef = 302D95F014D2391D003F00A1 /* MainViewController.xib */; };
		3047A5121AB8059700498E2A /* build-debug.xcconfig in Resources */ = {isa = PBXBuildFile; fileRef = 3047A50F1AB8059700498E2A /* build-debug.xcconfig */; };
		3047A5131AB8059700498E2A /* build-release.xcconfig in Resources */ = {isa = PBXBuildFile; fileRef = 3047A5101AB8059700498E2A /* build-release.xcconfig */; };
		3047A5141AB8059700498E2A /* build.xcconfig in Resources */ = {isa = PBXBuildFile; fileRef = 3047A5111AB8059700498E2A /* build.xcconfig */; };
		6AFF5BF91D6E424B00AB3073 /* CDVLaunchScreen.storyboard in Resources */ = {isa = PBXBuildFile; fileRef = 6AFF5BF81D6E424B00AB3073 /* CDVLaunchScreen.storyboard */; };
		6DC568E4592A4D2A99D56217 /* CBTBrowserTab.m in Sources */ = {isa = PBXBuildFile; fileRef = D16444DC9D3B4F6A8CB59686 /* CBTBrowserTab.m */; };
		D870EE7A6CEE4AA8B28669A2 /* SafariServices.framework in Frameworks */ = {isa = PBXBuildFile; fileRef = 515747E5734F4B748A2171C9 /* SafariServices.framework */; settings = {ATTRIBUTES = (Weak, ); }; };
		0F7A685889314BABB5B1E339 /* CDVBuildInfo.m in Sources */ = {isa = PBXBuildFile; fileRef = C67AA257F5504773A0F6AB27 /* CDVBuildInfo.m */; };
		741B55DA3C2044E88E7420C4 /* CDVLogger.m in Sources */ = {isa = PBXBuildFile; fileRef = B1C1442A090640D5AC7B4922 /* CDVLogger.m */; };
		D200D59CD87C442F85994991 /* CDVDevice.m in Sources */ = {isa = PBXBuildFile; fileRef = 35D65B5C95804DB4B92D2934 /* CDVDevice.m */; };
		53CFDFC08C5D44D284A1386E /* GooglePlus.m in Sources */ = {isa = PBXBuildFile; fileRef = 4E1764144AE14381A31EE538 /* GooglePlus.m */; };
		829DD4A0598F48FC8F39E473 /* GoogleAppUtilities.framework in Frameworks */ = {isa = PBXBuildFile; fileRef = 925AA4D546274AD2A2D01027 /* GoogleAppUtilities.framework */; };
		415FA10B6FF047588F296923 /* GoogleAuthUtilities.framework in Frameworks */ = {isa = PBXBuildFile; fileRef = 70EF4607168845D9A64D1C6B /* GoogleAuthUtilities.framework */; };
		0E70DA94BB5E43FB968AAD62 /* GoogleNetworkingUtilities.framework in Frameworks */ = {isa = PBXBuildFile; fileRef = 01F92F6EA62C4028AC91FE21 /* GoogleNetworkingUtilities.framework */; };
		76A7C536CB974B9392D7D000 /* GoogleSignIn.framework in Frameworks */ = {isa = PBXBuildFile; fileRef = B2B21A4183264832B7937488 /* GoogleSignIn.framework */; };
		D233710C1A2D408D86B30F4E /* GoogleSymbolUtilities.framework in Frameworks */ = {isa = PBXBuildFile; fileRef = B84B37F8AD6E47EDB9EB95D3 /* GoogleSymbolUtilities.framework */; };
		007B5F9DEDF641B7876B6B73 /* GoogleUtilities.framework in Frameworks */ = {isa = PBXBuildFile; fileRef = 1CC6306E58F14F6AB058F21B /* GoogleUtilities.framework */; };
		4886143097A144A8BE5F3F3E /* AddressBook.framework in Frameworks */ = {isa = PBXBuildFile; fileRef = ED300B42B8274E8B87107994 /* AddressBook.framework */; settings = {ATTRIBUTES = (Weak, ); }; };
		4FA4291A2BF042C19C2E18C6 /* CoreText.framework in Frameworks */ = {isa = PBXBuildFile; fileRef = AAC3718FDAF24995B4403D34 /* CoreText.framework */; settings = {ATTRIBUTES = (Weak, ); }; };
		760DEDACFA74419D8E63EE3B /* Security.framework in Frameworks */ = {isa = PBXBuildFile; fileRef = FD4A1558D87A4F7782151227 /* Security.framework */; settings = {ATTRIBUTES = (Weak, ); }; };
		882EF9F92FDC4870AACEEE60 /* SystemConfiguration.framework in Frameworks */ = {isa = PBXBuildFile; fileRef = 0E7E6412A9B74698B122510C /* SystemConfiguration.framework */; settings = {ATTRIBUTES = (Weak, ); }; };
		D026DF060B164903B16D0753 /* libz.tbd in Frameworks */ = {isa = PBXBuildFile; fileRef = 8EA6543A152547229277A606 /* libz.tbd */; settings = {ATTRIBUTES = (Weak, ); }; };
		341A71AC139644A8B0646124 /* libz.dylib in Frameworks */ = {isa = PBXBuildFile; fileRef = E27C6662B9304184BE5DD5FE /* libz.dylib */; settings = {ATTRIBUTES = (Weak, ); }; };
		9CE1FC9123164E889A490B40 /* CDVInAppBrowser.m in Sources */ = {isa = PBXBuildFile; fileRef = 905441F581F247CA94FB4995 /* CDVInAppBrowser.m */; };
		529CB51AA48845769003D734 /* CDVSplashScreen.m in Sources */ = {isa = PBXBuildFile; fileRef = BF4D756DDEDD4253913040DB /* CDVSplashScreen.m */; };
		89FACD6B43804F8DBA5EBEA3 /* CDVViewController+SplashScreen.m in Sources */ = {isa = PBXBuildFile; fileRef = 1E5BDFD1F77F4888A1C6A2DE /* CDVViewController+SplashScreen.m */; };
		C3CA19F06ECE4EEEB58520F2 /* CDVStatusBar.m in Sources */ = {isa = PBXBuildFile; fileRef = D1EAC8D9F9F24395B7226B11 /* CDVStatusBar.m */; };
		57F4F522BEC6454AA9DFEDBA /* CULPlugin.m in Sources */ = {isa = PBXBuildFile; fileRef = 530FA8DCC02C44D98F325E63 /* CULPlugin.m */; };
		1D24750E19A6419C9B3AC674 /* AppDelegate+CULPlugin.m in Sources */ = {isa = PBXBuildFile; fileRef = 8BAC059E180A4C09BF11A0E4 /* AppDelegate+CULPlugin.m */; };
		028B571E7CCF4072890F5584 /* CDVPluginResult+CULPlugin.m in Sources */ = {isa = PBXBuildFile; fileRef = EDA72127F6EA4C4283EB65B7 /* CDVPluginResult+CULPlugin.m */; };
		2D3709CA6F7D4AEF9D7E020B /* CDVInvokedUrlCommand+CULPlugin.m in Sources */ = {isa = PBXBuildFile; fileRef = 1C2650B19DD14A21BBEAEE31 /* CDVInvokedUrlCommand+CULPlugin.m */; };
		FFA3FB4344D84A6FA1DD1A58 /* CULHost.m in Sources */ = {isa = PBXBuildFile; fileRef = BC854F913D5C4191A7DDB496 /* CULHost.m */; };
		5EDD99D9FF0E4608ACC61469 /* CULPath.m in Sources */ = {isa = PBXBuildFile; fileRef = E36A9CC92B3D4AB3916C1689 /* CULPath.m */; };
		7FD7CF63D6974EB4B2C0727E /* CULXmlTags.m in Sources */ = {isa = PBXBuildFile; fileRef = 608DE8652C91426A9C3E7DAE /* CULXmlTags.m */; };
		489A11D3F63F40D7B224003B /* CULConfigXmlParser.m in Sources */ = {isa = PBXBuildFile; fileRef = A05FE92659924FBA82F9BE3E /* CULConfigXmlParser.m */; };
		D71345DD43FC4D3A92FA0001 /* NSBundle+CULPlugin.m in Sources */ = {isa = PBXBuildFile; fileRef = 516D7822575E410E84E5BAA0 /* NSBundle+CULPlugin.m */; };
		DC7E52B42283476F9A00F67D /* IonicKeyboard.m in Sources */ = {isa = PBXBuildFile; fileRef = 5341F2E3D73F40E3A74AF8C0 /* IonicKeyboard.m */; };
		EC036915F6B44E8E95A15617 /* Maintanance App.entitlements in Resources */ = {isa = PBXBuildFile; fileRef = D402123C7B96416583EE6A0D /* Maintanance App.entitlements */; };
/* End PBXBuildFile section */

/* Begin PBXContainerItemProxy section */
		301BF534109A57CC0062928A /* PBXContainerItemProxy */ = {
			isa = PBXContainerItemProxy;
			containerPortal = 301BF52D109A57CC0062928A /* CordovaLib.xcodeproj */;
			proxyType = 2;
			remoteGlobalIDString = D2AAC07E0554694100DB518D;
			remoteInfo = CordovaLib;
		};
		301BF550109A68C00062928A /* PBXContainerItemProxy */ = {
			isa = PBXContainerItemProxy;
			containerPortal = 301BF52D109A57CC0062928A /* CordovaLib.xcodeproj */;
			proxyType = 1;
			remoteGlobalIDString = D2AAC07D0554694100DB518D;
			remoteInfo = CordovaLib;
		};
/* End PBXContainerItemProxy section */

/* Begin PBXFileReference section */
		0207DA571B56EA530066E2B4 /* Images.xcassets */ = {isa = PBXFileReference; lastKnownFileType = folder.assetcatalog; name = Images.xcassets; path = "Maintanance App/Images.xcassets"; sourceTree = SOURCE_ROOT; };
		1D3623240D0F684500981E51 /* AppDelegate.h */ = {isa = PBXFileReference; fileEncoding = 4; lastKnownFileType = sourcecode.c.h; path = AppDelegate.h; sourceTree = "<group>"; };
		1D3623250D0F684500981E51 /* AppDelegate.m */ = {isa = PBXFileReference; fileEncoding = 4; lastKnownFileType = sourcecode.c.objc; path = AppDelegate.m; sourceTree = "<group>"; };
		1D6058910D05DD3D006BFB54 /* Maintanance App.app */ = {isa = PBXFileReference; explicitFileType = wrapper.application; includeInIndex = 0; path = "Maintanance App.app"; sourceTree = BUILT_PRODUCTS_DIR; };
		29B97316FDCFA39411CA2CEA /* main.m */ = {isa = PBXFileReference; fileEncoding = 4; lastKnownFileType = sourcecode.c.objc; path = main.m; sourceTree = "<group>"; };
		301BF52D109A57CC0062928A /* CordovaLib.xcodeproj */ = {isa = PBXFileReference; lastKnownFileType = "wrapper.pb-project"; path = CordovaLib/CordovaLib.xcodeproj; sourceTree = "<group>"; };
		301BF56E109A69640062928A /* www */ = {isa = PBXFileReference; lastKnownFileType = folder; path = www; sourceTree = SOURCE_ROOT; };
		302D95EE14D2391D003F00A1 /* MainViewController.h */ = {isa = PBXFileReference; fileEncoding = 4; lastKnownFileType = sourcecode.c.h; path = MainViewController.h; sourceTree = "<group>"; };
		302D95EF14D2391D003F00A1 /* MainViewController.m */ = {isa = PBXFileReference; fileEncoding = 4; lastKnownFileType = sourcecode.c.objc; path = MainViewController.m; sourceTree = "<group>"; };
		302D95F014D2391D003F00A1 /* MainViewController.xib */ = {isa = PBXFileReference; fileEncoding = 4; lastKnownFileType = file.xib; path = MainViewController.xib; sourceTree = "<group>"; };
		3047A50F1AB8059700498E2A /* build-debug.xcconfig */ = {isa = PBXFileReference; fileEncoding = 4; lastKnownFileType = text.xcconfig; name = "build-debug.xcconfig"; path = cordova/build-debug.xcconfig; sourceTree = SOURCE_ROOT; };
		3047A5101AB8059700498E2A /* build-release.xcconfig */ = {isa = PBXFileReference; fileEncoding = 4; lastKnownFileType = text.xcconfig; name = "build-release.xcconfig"; path = cordova/build-release.xcconfig; sourceTree = SOURCE_ROOT; };
		3047A5111AB8059700498E2A /* build.xcconfig */ = {isa = PBXFileReference; fileEncoding = 4; lastKnownFileType = text.xcconfig; name = build.xcconfig; path = cordova/build.xcconfig; sourceTree = SOURCE_ROOT; };
		32CA4F630368D1EE00C91783 /* Maintanance App-Prefix.pch */ = {isa = PBXFileReference; fileEncoding = 4; lastKnownFileType = sourcecode.c.h; path = "Maintanance App-Prefix.pch"; sourceTree = "<group>"; };
		6AFF5BF81D6E424B00AB3073 /* CDVLaunchScreen.storyboard */ = {isa = PBXFileReference; fileEncoding = 4; lastKnownFileType = file.storyboard; name = CDVLaunchScreen.storyboard; path = "Maintanance App/CDVLaunchScreen.storyboard"; sourceTree = SOURCE_ROOT; };
		8D1107310486CEB800E47090 /* Maintanance App-Info.plist */ = {isa = PBXFileReference; fileEncoding = 4; lastKnownFileType = text.plist.xml; name = "Maintanance App-Info.plist"; path = "Maintanance App/Maintanance App-Info.plist"; plistStructureDefinitionIdentifier = "com.apple.xcode.plist.structure-definition.iphone.info-plist"; sourceTree = SOURCE_ROOT; };
		EB87FDF31871DA8E0020F90C /* www */ = {isa = PBXFileReference; lastKnownFileType = folder; name = www; path = ../../www; sourceTree = "<group>"; };
		EB87FDF41871DAF40020F90C /* config.xml */ = {isa = PBXFileReference; lastKnownFileType = text.xml; name = config.xml; path = ../../config.xml; sourceTree = "<group>"; };
		F840E1F0165FE0F500CFE078 /* config.xml */ = {isa = PBXFileReference; lastKnownFileType = text.xml; name = config.xml; path = "Maintanance App/config.xml"; sourceTree = "<group>"; };
		ED33DF2A687741AEAF9F8254 /* Bridging-Header.h */ = {isa = PBXFileReference; fileEncoding = 4; lastKnownFileType = sourcecode.c.h; name = "Bridging-Header.h"; path = "Bridging-Header.h"; sourceTree = "<group>"; };
		D16444DC9D3B4F6A8CB59686 /* CBTBrowserTab.m */ = {isa = PBXFileReference; name = "CBTBrowserTab.m"; path = "cordova-plugin-browsertab/CBTBrowserTab.m"; sourceTree = "<group>"; fileEncoding = 4; lastKnownFileType = sourcecode.c.objc; explicitFileType = undefined; includeInIndex = 0; };
		73BF8D429DD844E6B8B3E558 /* CBTBrowserTab.h */ = {isa = PBXFileReference; name = "CBTBrowserTab.h"; path = "cordova-plugin-browsertab/CBTBrowserTab.h"; sourceTree = "<group>"; fileEncoding = 4; lastKnownFileType = sourcecode.c.h; explicitFileType = undefined; includeInIndex = 0; };
		515747E5734F4B748A2171C9 /* SafariServices.framework */ = {isa = PBXFileReference; name = "SafariServices.framework"; path = "System/Library/Frameworks/SafariServices.framework"; sourceTree = SDKROOT; fileEncoding = undefined; lastKnownFileType = wrapper.framework; explicitFileType = undefined; includeInIndex = 0; };
		C67AA257F5504773A0F6AB27 /* CDVBuildInfo.m */ = {isa = PBXFileReference; name = "CDVBuildInfo.m"; path = "cordova-plugin-buildinfo/CDVBuildInfo.m"; sourceTree = "<group>"; fileEncoding = 4; lastKnownFileType = sourcecode.c.objc; explicitFileType = undefined; includeInIndex = 0; };
		DB038B219EDC411BB9A3BB38 /* CDVBuildInfo.h */ = {isa = PBXFileReference; name = "CDVBuildInfo.h"; path = "cordova-plugin-buildinfo/CDVBuildInfo.h"; sourceTree = "<group>"; fileEncoding = 4; lastKnownFileType = sourcecode.c.h; explicitFileType = undefined; includeInIndex = 0; };
		B1C1442A090640D5AC7B4922 /* CDVLogger.m */ = {isa = PBXFileReference; name = "CDVLogger.m"; path = "cordova-plugin-console/CDVLogger.m"; sourceTree = "<group>"; fileEncoding = 4; lastKnownFileType = sourcecode.c.objc; explicitFileType = undefined; includeInIndex = 0; };
		821D1E6EDCA8448AA697C850 /* CDVLogger.h */ = {isa = PBXFileReference; name = "CDVLogger.h"; path = "cordova-plugin-console/CDVLogger.h"; sourceTree = "<group>"; fileEncoding = 4; lastKnownFileType = sourcecode.c.h; explicitFileType = undefined; includeInIndex = 0; };
		35D65B5C95804DB4B92D2934 /* CDVDevice.m */ = {isa = PBXFileReference; name = "CDVDevice.m"; path = "cordova-plugin-device/CDVDevice.m"; sourceTree = "<group>"; fileEncoding = 4; lastKnownFileType = sourcecode.c.objc; explicitFileType = undefined; includeInIndex = 0; };
		D0AE75DF93F64D72B6DCB703 /* CDVDevice.h */ = {isa = PBXFileReference; name = "CDVDevice.h"; path = "cordova-plugin-device/CDVDevice.h"; sourceTree = "<group>"; fileEncoding = 4; lastKnownFileType = sourcecode.c.h; explicitFileType = undefined; includeInIndex = 0; };
		4E1764144AE14381A31EE538 /* GooglePlus.m */ = {isa = PBXFileReference; name = "GooglePlus.m"; path = "cordova-plugin-googleplus/GooglePlus.m"; sourceTree = "<group>"; fileEncoding = 4; lastKnownFileType = sourcecode.c.objc; explicitFileType = undefined; includeInIndex = 0; };
		61EF5910070541C7AA554D37 /* GooglePlus.h */ = {isa = PBXFileReference; name = "GooglePlus.h"; path = "cordova-plugin-googleplus/GooglePlus.h"; sourceTree = "<group>"; fileEncoding = 4; lastKnownFileType = sourcecode.c.h; explicitFileType = undefined; includeInIndex = 0; };
		925AA4D546274AD2A2D01027 /* GoogleAppUtilities.framework */ = {isa = PBXFileReference; name = "GoogleAppUtilities.framework"; path = "Maintanance App/Plugins/cordova-plugin-googleplus/GoogleAppUtilities.framework"; sourceTree = "<group>"; fileEncoding = undefined; lastKnownFileType = wrapper.framework; explicitFileType = undefined; includeInIndex = 0; };
		70EF4607168845D9A64D1C6B /* GoogleAuthUtilities.framework */ = {isa = PBXFileReference; name = "GoogleAuthUtilities.framework"; path = "Maintanance App/Plugins/cordova-plugin-googleplus/GoogleAuthUtilities.framework"; sourceTree = "<group>"; fileEncoding = undefined; lastKnownFileType = wrapper.framework; explicitFileType = undefined; includeInIndex = 0; };
		01F92F6EA62C4028AC91FE21 /* GoogleNetworkingUtilities.framework */ = {isa = PBXFileReference; name = "GoogleNetworkingUtilities.framework"; path = "Maintanance App/Plugins/cordova-plugin-googleplus/GoogleNetworkingUtilities.framework"; sourceTree = "<group>"; fileEncoding = undefined; lastKnownFileType = wrapper.framework; explicitFileType = undefined; includeInIndex = 0; };
		B2B21A4183264832B7937488 /* GoogleSignIn.framework */ = {isa = PBXFileReference; name = "GoogleSignIn.framework"; path = "Maintanance App/Plugins/cordova-plugin-googleplus/GoogleSignIn.framework"; sourceTree = "<group>"; fileEncoding = undefined; lastKnownFileType = wrapper.framework; explicitFileType = undefined; includeInIndex = 0; };
		B84B37F8AD6E47EDB9EB95D3 /* GoogleSymbolUtilities.framework */ = {isa = PBXFileReference; name = "GoogleSymbolUtilities.framework"; path = "Maintanance App/Plugins/cordova-plugin-googleplus/GoogleSymbolUtilities.framework"; sourceTree = "<group>"; fileEncoding = undefined; lastKnownFileType = wrapper.framework; explicitFileType = undefined; includeInIndex = 0; };
		1CC6306E58F14F6AB058F21B /* GoogleUtilities.framework */ = {isa = PBXFileReference; name = "GoogleUtilities.framework"; path = "Maintanance App/Plugins/cordova-plugin-googleplus/GoogleUtilities.framework"; sourceTree = "<group>"; fileEncoding = undefined; lastKnownFileType = wrapper.framework; explicitFileType = undefined; includeInIndex = 0; };
		ED300B42B8274E8B87107994 /* AddressBook.framework */ = {isa = PBXFileReference; name = "AddressBook.framework"; path = "System/Library/Frameworks/AddressBook.framework"; sourceTree = SDKROOT; fileEncoding = undefined; lastKnownFileType = wrapper.framework; explicitFileType = undefined; includeInIndex = 0; };
		AAC3718FDAF24995B4403D34 /* CoreText.framework */ = {isa = PBXFileReference; name = "CoreText.framework"; path = "System/Library/Frameworks/CoreText.framework"; sourceTree = SDKROOT; fileEncoding = undefined; lastKnownFileType = wrapper.framework; explicitFileType = undefined; includeInIndex = 0; };
		FD4A1558D87A4F7782151227 /* Security.framework */ = {isa = PBXFileReference; name = "Security.framework"; path = "System/Library/Frameworks/Security.framework"; sourceTree = SDKROOT; fileEncoding = undefined; lastKnownFileType = wrapper.framework; explicitFileType = undefined; includeInIndex = 0; };
		0E7E6412A9B74698B122510C /* SystemConfiguration.framework */ = {isa = PBXFileReference; name = "SystemConfiguration.framework"; path = "System/Library/Frameworks/SystemConfiguration.framework"; sourceTree = SDKROOT; fileEncoding = undefined; lastKnownFileType = wrapper.framework; explicitFileType = undefined; includeInIndex = 0; };
		8EA6543A152547229277A606 /* libz.tbd */ = {isa = PBXFileReference; name = "libz.tbd"; path = "usr/lib/libz.tbd"; sourceTree = SDKROOT; fileEncoding = undefined; lastKnownFileType = sourcecode.text-based-dylib-definition; explicitFileType = undefined; includeInIndex = 0; };
		E27C6662B9304184BE5DD5FE /* libz.dylib */ = {isa = PBXFileReference; name = "libz.dylib"; path = "usr/lib/libz.dylib"; sourceTree = SDKROOT; fileEncoding = undefined; lastKnownFileType = compiled.mach-o.dylib; explicitFileType = undefined; includeInIndex = 0; };
		905441F581F247CA94FB4995 /* CDVInAppBrowser.m */ = {isa = PBXFileReference; name = "CDVInAppBrowser.m"; path = "cordova-plugin-inappbrowser/CDVInAppBrowser.m"; sourceTree = "<group>"; fileEncoding = 4; lastKnownFileType = sourcecode.c.objc; explicitFileType = undefined; includeInIndex = 0; };
		E675DE191314446C992FF6A5 /* CDVInAppBrowser.h */ = {isa = PBXFileReference; name = "CDVInAppBrowser.h"; path = "cordova-plugin-inappbrowser/CDVInAppBrowser.h"; sourceTree = "<group>"; fileEncoding = 4; lastKnownFileType = sourcecode.c.h; explicitFileType = undefined; includeInIndex = 0; };
		BF4D756DDEDD4253913040DB /* CDVSplashScreen.m */ = {isa = PBXFileReference; name = "CDVSplashScreen.m"; path = "cordova-plugin-splashscreen/CDVSplashScreen.m"; sourceTree = "<group>"; fileEncoding = 4; lastKnownFileType = sourcecode.c.objc; explicitFileType = undefined; includeInIndex = 0; };
		1E5BDFD1F77F4888A1C6A2DE /* CDVViewController+SplashScreen.m */ = {isa = PBXFileReference; name = "CDVViewController+SplashScreen.m"; path = "cordova-plugin-splashscreen/CDVViewController+SplashScreen.m"; sourceTree = "<group>"; fileEncoding = 4; lastKnownFileType = sourcecode.c.objc; explicitFileType = undefined; includeInIndex = 0; };
		8CB0207FDC08441CB3F2CF42 /* CDVSplashScreen.h */ = {isa = PBXFileReference; name = "CDVSplashScreen.h"; path = "cordova-plugin-splashscreen/CDVSplashScreen.h"; sourceTree = "<group>"; fileEncoding = 4; lastKnownFileType = sourcecode.c.h; explicitFileType = undefined; includeInIndex = 0; };
		BD889F62EFDC456880022E6A /* CDVViewController+SplashScreen.h */ = {isa = PBXFileReference; name = "CDVViewController+SplashScreen.h"; path = "cordova-plugin-splashscreen/CDVViewController+SplashScreen.h"; sourceTree = "<group>"; fileEncoding = 4; lastKnownFileType = sourcecode.c.h; explicitFileType = undefined; includeInIndex = 0; };
		D1EAC8D9F9F24395B7226B11 /* CDVStatusBar.m */ = {isa = PBXFileReference; name = "CDVStatusBar.m"; path = "cordova-plugin-statusbar/CDVStatusBar.m"; sourceTree = "<group>"; fileEncoding = 4; lastKnownFileType = sourcecode.c.objc; explicitFileType = undefined; includeInIndex = 0; };
		99118338438A45B7A38085E1 /* CDVStatusBar.h */ = {isa = PBXFileReference; name = "CDVStatusBar.h"; path = "cordova-plugin-statusbar/CDVStatusBar.h"; sourceTree = "<group>"; fileEncoding = 4; lastKnownFileType = sourcecode.c.h; explicitFileType = undefined; includeInIndex = 0; };
		530FA8DCC02C44D98F325E63 /* CULPlugin.m */ = {isa = PBXFileReference; name = "CULPlugin.m"; path = "cordova-universal-links-plugin/CULPlugin.m"; sourceTree = "<group>"; fileEncoding = 4; lastKnownFileType = sourcecode.c.objc; explicitFileType = undefined; includeInIndex = 0; };
		8BAC059E180A4C09BF11A0E4 /* AppDelegate+CULPlugin.m */ = {isa = PBXFileReference; name = "AppDelegate+CULPlugin.m"; path = "cordova-universal-links-plugin/AppDelegate+CULPlugin.m"; sourceTree = "<group>"; fileEncoding = 4; lastKnownFileType = sourcecode.c.objc; explicitFileType = undefined; includeInIndex = 0; };
		EDA72127F6EA4C4283EB65B7 /* CDVPluginResult+CULPlugin.m */ = {isa = PBXFileReference; name = "CDVPluginResult+CULPlugin.m"; path = "cordova-universal-links-plugin/JS/CDVPluginResult+CULPlugin.m"; sourceTree = "<group>"; fileEncoding = 4; lastKnownFileType = sourcecode.c.objc; explicitFileType = undefined; includeInIndex = 0; };
		1C2650B19DD14A21BBEAEE31 /* CDVInvokedUrlCommand+CULPlugin.m */ = {isa = PBXFileReference; name = "CDVInvokedUrlCommand+CULPlugin.m"; path = "cordova-universal-links-plugin/JS/CDVInvokedUrlCommand+CULPlugin.m"; sourceTree = "<group>"; fileEncoding = 4; lastKnownFileType = sourcecode.c.objc; explicitFileType = undefined; includeInIndex = 0; };
		BC854F913D5C4191A7DDB496 /* CULHost.m */ = {isa = PBXFileReference; name = "CULHost.m"; path = "cordova-universal-links-plugin/Model/CULHost.m"; sourceTree = "<group>"; fileEncoding = 4; lastKnownFileType = sourcecode.c.objc; explicitFileType = undefined; includeInIndex = 0; };
		E36A9CC92B3D4AB3916C1689 /* CULPath.m */ = {isa = PBXFileReference; name = "CULPath.m"; path = "cordova-universal-links-plugin/Model/CULPath.m"; sourceTree = "<group>"; fileEncoding = 4; lastKnownFileType = sourcecode.c.objc; explicitFileType = undefined; includeInIndex = 0; };
		608DE8652C91426A9C3E7DAE /* CULXmlTags.m */ = {isa = PBXFileReference; name = "CULXmlTags.m"; path = "cordova-universal-links-plugin/Parser/CULXmlTags.m"; sourceTree = "<group>"; fileEncoding = 4; lastKnownFileType = sourcecode.c.objc; explicitFileType = undefined; includeInIndex = 0; };
		A05FE92659924FBA82F9BE3E /* CULConfigXmlParser.m */ = {isa = PBXFileReference; name = "CULConfigXmlParser.m"; path = "cordova-universal-links-plugin/Parser/CULConfigXmlParser.m"; sourceTree = "<group>"; fileEncoding = 4; lastKnownFileType = sourcecode.c.objc; explicitFileType = undefined; includeInIndex = 0; };
		516D7822575E410E84E5BAA0 /* NSBundle+CULPlugin.m */ = {isa = PBXFileReference; name = "NSBundle+CULPlugin.m"; path = "cordova-universal-links-plugin/Utils/NSBundle+CULPlugin.m"; sourceTree = "<group>"; fileEncoding = 4; lastKnownFileType = sourcecode.c.objc; explicitFileType = undefined; includeInIndex = 0; };
		F6F92FCA72A34D19AE98DDBB /* CULPlugin.h */ = {isa = PBXFileReference; name = "CULPlugin.h"; path = "cordova-universal-links-plugin/CULPlugin.h"; sourceTree = "<group>"; fileEncoding = 4; lastKnownFileType = sourcecode.c.h; explicitFileType = undefined; includeInIndex = 0; };
		A867AA24E18B4869B12CFBDE /* AppDelegate+CULPlugin.h */ = {isa = PBXFileReference; name = "AppDelegate+CULPlugin.h"; path = "cordova-universal-links-plugin/AppDelegate+CULPlugin.h"; sourceTree = "<group>"; fileEncoding = 4; lastKnownFileType = sourcecode.c.h; explicitFileType = undefined; includeInIndex = 0; };
		D7A69171E29543CAA89AD122 /* CDVPluginResult+CULPlugin.h */ = {isa = PBXFileReference; name = "CDVPluginResult+CULPlugin.h"; path = "cordova-universal-links-plugin/JS/CDVPluginResult+CULPlugin.h"; sourceTree = "<group>"; fileEncoding = 4; lastKnownFileType = sourcecode.c.h; explicitFileType = undefined; includeInIndex = 0; };
		ADA1F356657247508E158B0A /* CDVInvokedUrlCommand+CULPlugin.h */ = {isa = PBXFileReference; name = "CDVInvokedUrlCommand+CULPlugin.h"; path = "cordova-universal-links-plugin/JS/CDVInvokedUrlCommand+CULPlugin.h"; sourceTree = "<group>"; fileEncoding = 4; lastKnownFileType = sourcecode.c.h; explicitFileType = undefined; includeInIndex = 0; };
		96E31A52ECB04ED19B9A95A4 /* CULHost.h */ = {isa = PBXFileReference; name = "CULHost.h"; path = "cordova-universal-links-plugin/Model/CULHost.h"; sourceTree = "<group>"; fileEncoding = 4; lastKnownFileType = sourcecode.c.h; explicitFileType = undefined; includeInIndex = 0; };
		5D22D71822C94990B04C0B17 /* CULPath.h */ = {isa = PBXFileReference; name = "CULPath.h"; path = "cordova-universal-links-plugin/Model/CULPath.h"; sourceTree = "<group>"; fileEncoding = 4; lastKnownFileType = sourcecode.c.h; explicitFileType = undefined; includeInIndex = 0; };
		E7D68B8E51D34FD093B36EDE /* CULXmlTags.h */ = {isa = PBXFileReference; name = "CULXmlTags.h"; path = "cordova-universal-links-plugin/Parser/CULXmlTags.h"; sourceTree = "<group>"; fileEncoding = 4; lastKnownFileType = sourcecode.c.h; explicitFileType = undefined; includeInIndex = 0; };
		460EFBB4B7754ED09F6675B4 /* CULConfigXmlParser.h */ = {isa = PBXFileReference; name = "CULConfigXmlParser.h"; path = "cordova-universal-links-plugin/Parser/CULConfigXmlParser.h"; sourceTree = "<group>"; fileEncoding = 4; lastKnownFileType = sourcecode.c.h; explicitFileType = undefined; includeInIndex = 0; };
		ABD89FF786FC40F988295AF8 /* NSBundle+CULPlugin.h */ = {isa = PBXFileReference; name = "NSBundle+CULPlugin.h"; path = "cordova-universal-links-plugin/Utils/NSBundle+CULPlugin.h"; sourceTree = "<group>"; fileEncoding = 4; lastKnownFileType = sourcecode.c.h; explicitFileType = undefined; includeInIndex = 0; };
		5341F2E3D73F40E3A74AF8C0 /* IonicKeyboard.m */ = {isa = PBXFileReference; name = "IonicKeyboard.m"; path = "ionic-plugin-keyboard/IonicKeyboard.m"; sourceTree = "<group>"; fileEncoding = 4; lastKnownFileType = sourcecode.c.objc; explicitFileType = undefined; includeInIndex = 0; };
		0F6174FC146845DD9CA50DEE /* IonicKeyboard.h */ = {isa = PBXFileReference; name = "IonicKeyboard.h"; path = "ionic-plugin-keyboard/IonicKeyboard.h"; sourceTree = "<group>"; fileEncoding = 4; lastKnownFileType = sourcecode.c.h; explicitFileType = undefined; includeInIndex = 0; };
		D402123C7B96416583EE6A0D /* Maintanance App.entitlements */ = {isa = PBXFileReference; name = "Maintanance App.entitlements"; path = "Maintanance App.entitlements"; sourceTree = "<group>"; fileEncoding = undefined; lastKnownFileType = unknown; explicitFileType = undefined; includeInIndex = 0; };
/* End PBXFileReference section */

/* Begin PBXFrameworksBuildPhase section */
		1D60588F0D05DD3D006BFB54 /* Frameworks */ = {
			isa = PBXFrameworksBuildPhase;
			buildActionMask = 2147483647;
			files = (
				301BF552109A68D80062928A /* libCordova.a in Frameworks */,
				D870EE7A6CEE4AA8B28669A2 /* SafariServices.framework in Frameworks */,
				829DD4A0598F48FC8F39E473 /* GoogleAppUtilities.framework in Frameworks */,
				415FA10B6FF047588F296923 /* GoogleAuthUtilities.framework in Frameworks */,
				0E70DA94BB5E43FB968AAD62 /* GoogleNetworkingUtilities.framework in Frameworks */,
				76A7C536CB974B9392D7D000 /* GoogleSignIn.framework in Frameworks */,
				D233710C1A2D408D86B30F4E /* GoogleSymbolUtilities.framework in Frameworks */,
				007B5F9DEDF641B7876B6B73 /* GoogleUtilities.framework in Frameworks */,
				4886143097A144A8BE5F3F3E /* AddressBook.framework in Frameworks */,
				4FA4291A2BF042C19C2E18C6 /* CoreText.framework in Frameworks */,
				760DEDACFA74419D8E63EE3B /* Security.framework in Frameworks */,
				882EF9F92FDC4870AACEEE60 /* SystemConfiguration.framework in Frameworks */,
				D026DF060B164903B16D0753 /* libz.tbd in Frameworks */,
				341A71AC139644A8B0646124 /* libz.dylib in Frameworks */,
			);
			runOnlyForDeploymentPostprocessing = 0;
		};
/* End PBXFrameworksBuildPhase section */

/* Begin PBXGroup section */
		080E96DDFE201D6D7F000001 /* Classes */ = {
			isa = PBXGroup;
			children = (
				302D95EE14D2391D003F00A1 /* MainViewController.h */,
				302D95EF14D2391D003F00A1 /* MainViewController.m */,
				302D95F014D2391D003F00A1 /* MainViewController.xib */,
				1D3623240D0F684500981E51 /* AppDelegate.h */,
				1D3623250D0F684500981E51 /* AppDelegate.m */,
			);
			name = Classes;
			path = "Maintanance App/Classes";
			sourceTree = SOURCE_ROOT;
		};
		19C28FACFE9D520D11CA2CBB /* Products */ = {
			isa = PBXGroup;
			children = (
				1D6058910D05DD3D006BFB54 /* Maintanance App.app */,
			);
			name = Products;
			sourceTree = "<group>";
		};
		29B97314FDCFA39411CA2CEA /* CustomTemplate */ = {
			isa = PBXGroup;
			children = (
				EB87FDF41871DAF40020F90C /* config.xml */,
				EB87FDF31871DA8E0020F90C /* www */,
				EB87FDF11871DA420020F90C /* Staging */,
				301BF52D109A57CC0062928A /* CordovaLib.xcodeproj */,
				080E96DDFE201D6D7F000001 /* Classes */,
				307C750510C5A3420062BCA9 /* Plugins */,
				29B97315FDCFA39411CA2CEA /* Other Sources */,
				29B97317FDCFA39411CA2CEA /* Resources */,
				29B97323FDCFA39411CA2CEA /* Frameworks */,
				19C28FACFE9D520D11CA2CBB /* Products */,
			);
			name = CustomTemplate;
			sourceTree = "<group>";
		};
		29B97315FDCFA39411CA2CEA /* Other Sources */ = {
			isa = PBXGroup;
			children = (
				32CA4F630368D1EE00C91783 /* Maintanance App-Prefix.pch */,
				29B97316FDCFA39411CA2CEA /* main.m */,
				ED33DF2A687741AEAF9F8254 /* Bridging-Header.h */,
			);
			name = "Other Sources";
			path = "Maintanance App";
			sourceTree = "<group>";
		};
		29B97317FDCFA39411CA2CEA /* Resources */ = {
			isa = PBXGroup;
			children = (
				0207DA571B56EA530066E2B4 /* Images.xcassets */,
				3047A50E1AB8057F00498E2A /* config */,
				8D1107310486CEB800E47090 /* Maintanance App-Info.plist */,
				6AFF5BF81D6E424B00AB3073 /* CDVLaunchScreen.storyboard */,
				D402123C7B96416583EE6A0D /* Maintanance App.entitlements */,
			);
			name = Resources;
			path = "Maintanance App/Resources";
			sourceTree = "<group>";
		};
		29B97323FDCFA39411CA2CEA /* Frameworks */ = {
			isa = PBXGroup;
			children = (
				515747E5734F4B748A2171C9 /* SafariServices.framework */,
				925AA4D546274AD2A2D01027 /* GoogleAppUtilities.framework */,
				70EF4607168845D9A64D1C6B /* GoogleAuthUtilities.framework */,
				01F92F6EA62C4028AC91FE21 /* GoogleNetworkingUtilities.framework */,
				B2B21A4183264832B7937488 /* GoogleSignIn.framework */,
				B84B37F8AD6E47EDB9EB95D3 /* GoogleSymbolUtilities.framework */,
				1CC6306E58F14F6AB058F21B /* GoogleUtilities.framework */,
				ED300B42B8274E8B87107994 /* AddressBook.framework */,
				AAC3718FDAF24995B4403D34 /* CoreText.framework */,
				FD4A1558D87A4F7782151227 /* Security.framework */,
				0E7E6412A9B74698B122510C /* SystemConfiguration.framework */,
				8EA6543A152547229277A606 /* libz.tbd */,
				E27C6662B9304184BE5DD5FE /* libz.dylib */,
			);
			name = Frameworks;
			sourceTree = "<group>";
		};
		301BF52E109A57CC0062928A /* Products */ = {
			isa = PBXGroup;
			children = (
				301BF535109A57CC0062928A /* libCordova.a */,
			);
			name = Products;
			sourceTree = "<group>";
		};
		3047A50E1AB8057F00498E2A /* config */ = {
			isa = PBXGroup;
			children = (
				3047A50F1AB8059700498E2A /* build-debug.xcconfig */,
				3047A5101AB8059700498E2A /* build-release.xcconfig */,
				3047A5111AB8059700498E2A /* build.xcconfig */,
			);
			name = config;
			sourceTree = "<group>";
		};
		307C750510C5A3420062BCA9 /* Plugins */ = {
			isa = PBXGroup;
			children = (
				D16444DC9D3B4F6A8CB59686 /* CBTBrowserTab.m */,
				73BF8D429DD844E6B8B3E558 /* CBTBrowserTab.h */,
				C67AA257F5504773A0F6AB27 /* CDVBuildInfo.m */,
				DB038B219EDC411BB9A3BB38 /* CDVBuildInfo.h */,
				B1C1442A090640D5AC7B4922 /* CDVLogger.m */,
				821D1E6EDCA8448AA697C850 /* CDVLogger.h */,
				35D65B5C95804DB4B92D2934 /* CDVDevice.m */,
				D0AE75DF93F64D72B6DCB703 /* CDVDevice.h */,
				4E1764144AE14381A31EE538 /* GooglePlus.m */,
				61EF5910070541C7AA554D37 /* GooglePlus.h */,
				905441F581F247CA94FB4995 /* CDVInAppBrowser.m */,
				E675DE191314446C992FF6A5 /* CDVInAppBrowser.h */,
				BF4D756DDEDD4253913040DB /* CDVSplashScreen.m */,
				1E5BDFD1F77F4888A1C6A2DE /* CDVViewController+SplashScreen.m */,
				8CB0207FDC08441CB3F2CF42 /* CDVSplashScreen.h */,
				BD889F62EFDC456880022E6A /* CDVViewController+SplashScreen.h */,
				D1EAC8D9F9F24395B7226B11 /* CDVStatusBar.m */,
				99118338438A45B7A38085E1 /* CDVStatusBar.h */,
				530FA8DCC02C44D98F325E63 /* CULPlugin.m */,
				8BAC059E180A4C09BF11A0E4 /* AppDelegate+CULPlugin.m */,
				EDA72127F6EA4C4283EB65B7 /* CDVPluginResult+CULPlugin.m */,
				1C2650B19DD14A21BBEAEE31 /* CDVInvokedUrlCommand+CULPlugin.m */,
				BC854F913D5C4191A7DDB496 /* CULHost.m */,
				E36A9CC92B3D4AB3916C1689 /* CULPath.m */,
				608DE8652C91426A9C3E7DAE /* CULXmlTags.m */,
				A05FE92659924FBA82F9BE3E /* CULConfigXmlParser.m */,
				516D7822575E410E84E5BAA0 /* NSBundle+CULPlugin.m */,
				F6F92FCA72A34D19AE98DDBB /* CULPlugin.h */,
				A867AA24E18B4869B12CFBDE /* AppDelegate+CULPlugin.h */,
				D7A69171E29543CAA89AD122 /* CDVPluginResult+CULPlugin.h */,
				ADA1F356657247508E158B0A /* CDVInvokedUrlCommand+CULPlugin.h */,
				96E31A52ECB04ED19B9A95A4 /* CULHost.h */,
				5D22D71822C94990B04C0B17 /* CULPath.h */,
				E7D68B8E51D34FD093B36EDE /* CULXmlTags.h */,
				460EFBB4B7754ED09F6675B4 /* CULConfigXmlParser.h */,
				ABD89FF786FC40F988295AF8 /* NSBundle+CULPlugin.h */,
				5341F2E3D73F40E3A74AF8C0 /* IonicKeyboard.m */,
				0F6174FC146845DD9CA50DEE /* IonicKeyboard.h */,
			);
			name = Plugins;
			path = "Maintanance App/Plugins";
			sourceTree = SOURCE_ROOT;
		};
		EB87FDF11871DA420020F90C /* Staging */ = {
			isa = PBXGroup;
			children = (
				F840E1F0165FE0F500CFE078 /* config.xml */,
				301BF56E109A69640062928A /* www */,
			);
			name = Staging;
			sourceTree = "<group>";
		};
/* End PBXGroup section */

/* Begin PBXNativeTarget section */
		1D6058900D05DD3D006BFB54 /* Maintanance App */ = {
			isa = PBXNativeTarget;
			buildConfigurationList = 1D6058960D05DD3E006BFB54 /* Build configuration list for PBXNativeTarget "Maintanance App" */;
			buildPhases = (
				304B58A110DAC018002A0835 /* Copy www directory */,
				1D60588D0D05DD3D006BFB54 /* Resources */,
				1D60588E0D05DD3D006BFB54 /* Sources */,
				1D60588F0D05DD3D006BFB54 /* Frameworks */,
			);
			buildRules = (
			);
			dependencies = (
				301BF551109A68C00062928A /* PBXTargetDependency */,
			);
			name = "Maintanance App";
			productName = "Maintanance App";
			productReference = 1D6058910D05DD3D006BFB54 /* Maintanance App.app */;
			productType = "com.apple.product-type.application";
		};
/* End PBXNativeTarget section */

/* Begin PBXProject section */
		29B97313FDCFA39411CA2CEA /* Project object */ = {
			isa = PBXProject;
			attributes = {
				LastUpgradeCheck = 510;
			};
			buildConfigurationList = C01FCF4E08A954540054247B /* Build configuration list for PBXProject "__NON-CLI__" */;
			compatibilityVersion = "Xcode 3.2";
			developmentRegion = English;
			hasScannedForEncodings = 1;
			mainGroup = 29B97314FDCFA39411CA2CEA /* CustomTemplate */;
			projectDirPath = "";
			projectReferences = (
				{
					ProductGroup = 301BF52E109A57CC0062928A /* Products */;
					ProjectRef = 301BF52D109A57CC0062928A /* CordovaLib.xcodeproj */;
				},
			);
			projectRoot = "";
			targets = (
				1D6058900D05DD3D006BFB54 /* Maintanance App */,
			);
		};
/* End PBXProject section */

/* Begin PBXReferenceProxy section */
		301BF535109A57CC0062928A /* libCordova.a */ = {
			isa = PBXReferenceProxy;
			fileType = archive.ar;
			path = libCordova.a;
			remoteRef = 301BF534109A57CC0062928A /* PBXContainerItemProxy */;
			sourceTree = BUILT_PRODUCTS_DIR;
		};
/* End PBXReferenceProxy section */

/* Begin PBXResourcesBuildPhase section */
		1D60588D0D05DD3D006BFB54 /* Resources */ = {
			isa = PBXResourcesBuildPhase;
			buildActionMask = 2147483647;
			files = (
				302D95F214D2391D003F00A1 /* MainViewController.xib in Resources */,
				0207DA581B56EA530066E2B4 /* Images.xcassets in Resources */,
				6AFF5BF91D6E424B00AB3073 /* CDVLaunchScreen.storyboard in Resources */,
				EC036915F6B44E8E95A15617 /* Maintanance App.entitlements in Resources */,
			);
			runOnlyForDeploymentPostprocessing = 0;
		};
/* End PBXResourcesBuildPhase section */

/* Begin PBXShellScriptBuildPhase section */
		304B58A110DAC018002A0835 /* Copy www directory */ = {
			isa = PBXShellScriptBuildPhase;
			buildActionMask = 2147483647;
			files = (
			);
			inputPaths = (
			);
			name = "Copy www directory";
			outputPaths = (
			);
			runOnlyForDeploymentPostprocessing = 0;
			shellPath = /bin/sh;
			shellScript = "NODEJS_PATH=/usr/local/bin; NVM_NODE_PATH=~/.nvm/versions/node/`nvm version 2>/dev/null`/bin; N_NODE_PATH=`find /usr/local/n/versions/node/* -maxdepth 0 -type d 2>/dev/null | tail -1`/bin; XCODE_NODE_PATH=`xcode-select --print-path`/usr/share/xcs/Node/bin; PATH=$NODEJS_PATH:$NVM_NODE_PATH:$N_NODE_PATH:$XCODE_NODE_PATH:$PATH && node cordova/lib/copy-www-build-step.js";
			showEnvVarsInLog = 0;
		};
/* End PBXShellScriptBuildPhase section */

/* Begin PBXSourcesBuildPhase section */
		1D60588E0D05DD3D006BFB54 /* Sources */ = {
			isa = PBXSourcesBuildPhase;
			buildActionMask = 2147483647;
			files = (
				1D60589B0D05DD56006BFB54 /* main.m in Sources */,
				1D3623260D0F684500981E51 /* AppDelegate.m in Sources */,
				302D95F114D2391D003F00A1 /* MainViewController.m in Sources */,
				6DC568E4592A4D2A99D56217 /* CBTBrowserTab.m in Sources */,
				0F7A685889314BABB5B1E339 /* CDVBuildInfo.m in Sources */,
				741B55DA3C2044E88E7420C4 /* CDVLogger.m in Sources */,
				D200D59CD87C442F85994991 /* CDVDevice.m in Sources */,
				53CFDFC08C5D44D284A1386E /* GooglePlus.m in Sources */,
				9CE1FC9123164E889A490B40 /* CDVInAppBrowser.m in Sources */,
				529CB51AA48845769003D734 /* CDVSplashScreen.m in Sources */,
				89FACD6B43804F8DBA5EBEA3 /* CDVViewController+SplashScreen.m in Sources */,
				C3CA19F06ECE4EEEB58520F2 /* CDVStatusBar.m in Sources */,
				57F4F522BEC6454AA9DFEDBA /* CULPlugin.m in Sources */,
				1D24750E19A6419C9B3AC674 /* AppDelegate+CULPlugin.m in Sources */,
				028B571E7CCF4072890F5584 /* CDVPluginResult+CULPlugin.m in Sources */,
				2D3709CA6F7D4AEF9D7E020B /* CDVInvokedUrlCommand+CULPlugin.m in Sources */,
				FFA3FB4344D84A6FA1DD1A58 /* CULHost.m in Sources */,
				5EDD99D9FF0E4608ACC61469 /* CULPath.m in Sources */,
				7FD7CF63D6974EB4B2C0727E /* CULXmlTags.m in Sources */,
				489A11D3F63F40D7B224003B /* CULConfigXmlParser.m in Sources */,
				D71345DD43FC4D3A92FA0001 /* NSBundle+CULPlugin.m in Sources */,
				DC7E52B42283476F9A00F67D /* IonicKeyboard.m in Sources */,
			);
			runOnlyForDeploymentPostprocessing = 0;
		};
/* End PBXSourcesBuildPhase section */

/* Begin PBXTargetDependency section */
		301BF551109A68C00062928A /* PBXTargetDependency */ = {
			isa = PBXTargetDependency;
			name = CordovaLib;
			targetProxy = 301BF550109A68C00062928A /* PBXContainerItemProxy */;
		};
/* End PBXTargetDependency section */

/* Begin XCBuildConfiguration section */
		1D6058940D05DD3E006BFB54 /* Debug */ = {
			isa = XCBuildConfiguration;
			baseConfigurationReference = 3047A50F1AB8059700498E2A /* build-debug.xcconfig */;
			buildSettings = {
				ALWAYS_SEARCH_USER_PATHS = NO;
				ASSETCATALOG_COMPILER_APPICON_NAME = AppIcon;
				ASSETCATALOG_COMPILER_LAUNCHIMAGE_NAME = LaunchImage;
				CLANG_ENABLE_MODULES = YES;
				CLANG_ENABLE_OBJC_ARC = YES;
				COPY_PHASE_STRIP = NO;
				GCC_DYNAMIC_NO_PIC = NO;
				GCC_OPTIMIZATION_LEVEL = 0;
				GCC_PRECOMPILE_PREFIX_HEADER = YES;
				GCC_PREFIX_HEADER = "Maintanance App/Maintanance App-Prefix.pch";
				GCC_THUMB_SUPPORT = NO;
				GCC_VERSION = "";
				INFOPLIST_FILE = "Maintanance App/Maintanance App-Info.plist";
				IPHONEOS_DEPLOYMENT_TARGET = 9.0;
				LD_RUNPATH_SEARCH_PATHS = "@executable_path/Frameworks";
				TARGETED_DEVICE_FAMILY = "1,2";
				PRODUCT_NAME = "Maintanance App";
				FRAMEWORK_SEARCH_PATHS = (
					"$(inherited)",
					"\"Maintanance App/Plugins/cordova-plugin-googleplus\"",
					"\"Maintanance App/Plugins/cordova-plugin-googleplus\"",
					"\"Maintanance App/Plugins/cordova-plugin-googleplus\"",
					"\"Maintanance App/Plugins/cordova-plugin-googleplus\"",
					"\"Maintanance App/Plugins/cordova-plugin-googleplus\"",
					"\"Maintanance App/Plugins/cordova-plugin-googleplus\"",
				);
				CODE_SIGN_ENTITLEMENTS = "Maintanance App/Resources/Maintanance App.entitlements";
			};
			name = Debug;
		};
		1D6058950D05DD3E006BFB54 /* Release */ = {
			isa = XCBuildConfiguration;
			baseConfigurationReference = 3047A5101AB8059700498E2A /* build-release.xcconfig */;
			buildSettings = {
				ALWAYS_SEARCH_USER_PATHS = NO;
				ASSETCATALOG_COMPILER_APPICON_NAME = AppIcon;
				ASSETCATALOG_COMPILER_LAUNCHIMAGE_NAME = LaunchImage;
				CLANG_ENABLE_MODULES = YES;
				CLANG_ENABLE_OBJC_ARC = YES;
				COPY_PHASE_STRIP = YES;
				GCC_PRECOMPILE_PREFIX_HEADER = YES;
				GCC_PREFIX_HEADER = "Maintanance App/Maintanance App-Prefix.pch";
				GCC_THUMB_SUPPORT = NO;
				GCC_VERSION = "";
				INFOPLIST_FILE = "Maintanance App/Maintanance App-Info.plist";
				IPHONEOS_DEPLOYMENT_TARGET = 9.0;
				LD_RUNPATH_SEARCH_PATHS = "@executable_path/Frameworks";
				TARGETED_DEVICE_FAMILY = "1,2";
				PRODUCT_NAME = "Maintanance App";
				FRAMEWORK_SEARCH_PATHS = (
					"$(inherited)",
					"\"Maintanance App/Plugins/cordova-plugin-googleplus\"",
					"\"Maintanance App/Plugins/cordova-plugin-googleplus\"",
					"\"Maintanance App/Plugins/cordova-plugin-googleplus\"",
					"\"Maintanance App/Plugins/cordova-plugin-googleplus\"",
					"\"Maintanance App/Plugins/cordova-plugin-googleplus\"",
					"\"Maintanance App/Plugins/cordova-plugin-googleplus\"",
				);
				CODE_SIGN_ENTITLEMENTS = "Maintanance App/Resources/Maintanance App.entitlements";
			};
			name = Release;
		};
		C01FCF4F08A954540054247B /* Debug */ = {
			isa = XCBuildConfiguration;
			baseConfigurationReference = 3047A5111AB8059700498E2A /* build.xcconfig */;
			buildSettings = {
				CLANG_ENABLE_MODULES = YES;
				CLANG_ENABLE_OBJC_ARC = YES;
				CLANG_WARN_BOOL_CONVERSION = YES;
				CLANG_WARN_CONSTANT_CONVERSION = YES;
				CLANG_WARN_EMPTY_BODY = YES;
				CLANG_WARN_ENUM_CONVERSION = YES;
				CLANG_WARN_INT_CONVERSION = YES;
				CLANG_WARN__DUPLICATE_METHOD_MATCH = YES;
				GCC_C_LANGUAGE_STANDARD = c99;
				GCC_THUMB_SUPPORT = NO;
				GCC_VERSION = "";
				GCC_WARN_ABOUT_RETURN_TYPE = YES;
				GCC_WARN_UNDECLARED_SELECTOR = YES;
				GCC_WARN_UNINITIALIZED_AUTOS = YES;
				GCC_WARN_UNUSED_FUNCTION = YES;
				GCC_WARN_UNUSED_VARIABLE = YES;
				ONLY_ACTIVE_ARCH = YES;
				SDKROOT = iphoneos;
				SKIP_INSTALL = NO;
				ASSETCATALOG_COMPILER_LAUNCHIMAGE_NAME = LaunchImage;
				CODE_SIGN_ENTITLEMENTS = "Maintanance App/Resources/Maintanance App.entitlements";
				IPHONEOS_DEPLOYMENT_TARGET = 8.0;
			};
			name = Debug;
		};
		C01FCF5008A954540054247B /* Release */ = {
			isa = XCBuildConfiguration;
			baseConfigurationReference = 3047A5111AB8059700498E2A /* build.xcconfig */;
			buildSettings = {
				CLANG_ENABLE_MODULES = YES;
				CLANG_ENABLE_OBJC_ARC = YES;
				CLANG_WARN_BOOL_CONVERSION = YES;
				CLANG_WARN_CONSTANT_CONVERSION = YES;
				CLANG_WARN_EMPTY_BODY = YES;
				CLANG_WARN_ENUM_CONVERSION = YES;
				CLANG_WARN_INT_CONVERSION = YES;
				CLANG_WARN__DUPLICATE_METHOD_MATCH = YES;
				GCC_C_LANGUAGE_STANDARD = c99;
				GCC_THUMB_SUPPORT = NO;
				GCC_VERSION = "";
				GCC_WARN_ABOUT_RETURN_TYPE = YES;
				GCC_WARN_UNDECLARED_SELECTOR = YES;
				GCC_WARN_UNINITIALIZED_AUTOS = YES;
				GCC_WARN_UNUSED_FUNCTION = YES;
				GCC_WARN_UNUSED_VARIABLE = YES;
				SDKROOT = iphoneos;
				SKIP_INSTALL = NO;
				ASSETCATALOG_COMPILER_LAUNCHIMAGE_NAME = LaunchImage;
				CODE_SIGN_ENTITLEMENTS = "Maintanance App/Resources/Maintanance App.entitlements";
				IPHONEOS_DEPLOYMENT_TARGET = 8.0;
			};
			name = Release;
		};
/* End XCBuildConfiguration section */

/* Begin XCConfigurationList section */
		1D6058960D05DD3E006BFB54 /* Build configuration list for PBXNativeTarget "Maintanance App" */ = {
			isa = XCConfigurationList;
			buildConfigurations = (
				1D6058940D05DD3E006BFB54 /* Debug */,
				1D6058950D05DD3E006BFB54 /* Release */,
			);
			defaultConfigurationIsVisible = 0;
			defaultConfigurationName = Release;
		};
		C01FCF4E08A954540054247B /* Build configuration list for PBXProject "__NON-CLI__" */ = {
			isa = XCConfigurationList;
			buildConfigurations = (
				C01FCF4F08A954540054247B /* Debug */,
				C01FCF5008A954540054247B /* Release */,
			);
			defaultConfigurationIsVisible = 0;
			defaultConfigurationName = Release;
		};
/* End XCConfigurationList section */
	};
	rootObject = 29B97313FDCFA39411CA2CEA /* Project object */;
}
